// !$*UTF8*$!
{
	archiveVersion = 1;
	classes = {
	};
	objectVersion = 46;
	objects = {

/* Begin PBXBuildFile section */
		BB3EAB4F1ADD8B960073E134 /* MinibotDashboardViewController.m in Sources */ = {isa = PBXBuildFile; fileRef = BB3EAB4E1ADD8B960073E134 /* MinibotDashboardViewController.m */; };
		BB6DC0451AF9D3300004D087 /* hud-fuchsia.png in Resources */ = {isa = PBXBuildFile; fileRef = BB6DC0431AF9D3300004D087 /* hud-fuchsia.png */; };
		BB6DC0461AF9D3300004D087 /* hud-green.png in Resources */ = {isa = PBXBuildFile; fileRef = BB6DC0441AF9D3300004D087 /* hud-green.png */; };
		BB6DC0491AFA64FA0004D087 /* magnetButtonSilver.png in Resources */ = {isa = PBXBuildFile; fileRef = BB6DC0471AFA64FA0004D087 /* magnetButtonSilver.png */; };
		BB6DC04A1AFA64FA0004D087 /* mainButtonSilver.png in Resources */ = {isa = PBXBuildFile; fileRef = BB6DC0481AFA64FA0004D087 /* mainButtonSilver.png */; };
		BB6FC4141AD7584800FB57C1 /* main.m in Sources */ = {isa = PBXBuildFile; fileRef = BB6FC4131AD7584800FB57C1 /* main.m */; };
		BB6FC4171AD7584800FB57C1 /* MiniBotAppDelegate.m in Sources */ = {isa = PBXBuildFile; fileRef = BB6FC4161AD7584800FB57C1 /* MiniBotAppDelegate.m */; };
		BB6FC41A1AD7584800FB57C1 /* ViewController.m in Sources */ = {isa = PBXBuildFile; fileRef = BB6FC4191AD7584800FB57C1 /* ViewController.m */; };
		BB6FC41D1AD7584800FB57C1 /* Main.storyboard in Resources */ = {isa = PBXBuildFile; fileRef = BB6FC41B1AD7584800FB57C1 /* Main.storyboard */; };
		BB6FC41F1AD7584800FB57C1 /* Images.xcassets in Resources */ = {isa = PBXBuildFile; fileRef = BB6FC41E1AD7584800FB57C1 /* Images.xcassets */; };
		BB6FC4221AD7584800FB57C1 /* LaunchScreen.xib in Resources */ = {isa = PBXBuildFile; fileRef = BB6FC4201AD7584800FB57C1 /* LaunchScreen.xib */; };
		BB6FC42E1AD7584800FB57C1 /* MiniBotTests.m in Sources */ = {isa = PBXBuildFile; fileRef = BB6FC42D1AD7584800FB57C1 /* MiniBotTests.m */; };
		BB6FC4381AD7593A00FB57C1 /* CoreBluetooth.framework in Frameworks */ = {isa = PBXBuildFile; fileRef = BB6FC4371AD7593A00FB57C1 /* CoreBluetooth.framework */; };
		BB6FC43A1AD75AE300FB57C1 /* QuartzCore.framework in Frameworks */ = {isa = PBXBuildFile; fileRef = BB6FC4391AD75AE300FB57C1 /* QuartzCore.framework */; };
		BB6FC43C1AD75D1F00FB57C1 /* CoreGraphics.framework in Frameworks */ = {isa = PBXBuildFile; fileRef = BB6FC43B1AD75D1F00FB57C1 /* CoreGraphics.framework */; };
		BB6FC43E1AD75D3100FB57C1 /* UIKit.framework in Frameworks */ = {isa = PBXBuildFile; fileRef = BB6FC43D1AD75D3100FB57C1 /* UIKit.framework */; };
		BB6FC4401AD75D4200FB57C1 /* Foundation.framework in Frameworks */ = {isa = PBXBuildFile; fileRef = BB6FC43F1AD75D4200FB57C1 /* Foundation.framework */; };
		BB6FC44E1AD75E5100FB57C1 /* AppDelegate.m in Sources */ = {isa = PBXBuildFile; fileRef = BB6FC4431AD75E5100FB57C1 /* AppDelegate.m */; };
		BB6FC44F1AD75E5100FB57C1 /* CustomCellBackground.m in Sources */ = {isa = PBXBuildFile; fileRef = BB6FC4451AD75E5100FB57C1 /* CustomCellBackground.m */; };
		BB6FC4501AD75E5100FB57C1 /* RFduino.m in Sources */ = {isa = PBXBuildFile; fileRef = BB6FC4471AD75E5100FB57C1 /* RFduino.m */; };
		BB6FC4511AD75E5100FB57C1 /* RfduinoManager.m in Sources */ = {isa = PBXBuildFile; fileRef = BB6FC44A1AD75E5100FB57C1 /* RfduinoManager.m */; };
		BB6FC4521AD75E5100FB57C1 /* ScanViewController.m in Sources */ = {isa = PBXBuildFile; fileRef = BB6FC44D1AD75E5100FB57C1 /* ScanViewController.m */; };
		BBAA253D1AF1BCCD003CE98F /* hud-orange.png in Resources */ = {isa = PBXBuildFile; fileRef = BBAA253C1AF1BCCD003CE98F /* hud-orange.png */; };
		BBAA253F1AF1C26D003CE98F /* mainButtonOrange.png in Resources */ = {isa = PBXBuildFile; fileRef = BBAA253E1AF1C26D003CE98F /* mainButtonOrange.png */; };
		BBAA25411AF1C716003CE98F /* magnetButtonOrange.png in Resources */ = {isa = PBXBuildFile; fileRef = BBAA25401AF1C716003CE98F /* magnetButtonOrange.png */; };
		BBAC61B41AE1B7120020742F /* RFDuinoScript.ino in Resources */ = {isa = PBXBuildFile; fileRef = BBAC61B31AE1B7110020742F /* RFDuinoScript.ino */; };
		BBC905061AEF0614000DFB6E /* blackPerfPlate.jpg in Resources */ = {isa = PBXBuildFile; fileRef = BBC905051AEF0614000DFB6E /* blackPerfPlate.jpg */; };
		BBC905081AEF07B2000DFB6E /* brushedSilverPlate.jpg in Resources */ = {isa = PBXBuildFile; fileRef = BBC905071AEF07B2000DFB6E /* brushedSilverPlate.jpg */; };
		BBC9050A1AEF08E1000DFB6E /* black-brushed-metal.jpg in Resources */ = {isa = PBXBuildFile; fileRef = BBC905091AEF08E1000DFB6E /* black-brushed-metal.jpg */; };
		BBC9050C1AEF16DA000DFB6E /* silver3Dbutton.png in Resources */ = {isa = PBXBuildFile; fileRef = BBC9050B1AEF16DA000DFB6E /* silver3Dbutton.png */; };
		BBC9050E1AEF16E1000DFB6E /* SilverSqButton.png in Resources */ = {isa = PBXBuildFile; fileRef = BBC9050D1AEF16E1000DFB6E /* SilverSqButton.png */; };
		BBD3CDB11ADF4A2300D19C31 /* CoreMotion.framework in Frameworks */ = {isa = PBXBuildFile; fileRef = BBD3CDB01ADF4A2300D19C31 /* CoreMotion.framework */; };
		BBD3CDB41ADF53C200D19C31 /* minibotHUD1.png in Resources */ = {isa = PBXBuildFile; fileRef = BBD3CDB31ADF53C200D19C31 /* minibotHUD1.png */; };
		BBE5AA561AE89A110037CBC0 /* MeterView.m in Sources */ = {isa = PBXBuildFile; fileRef = BBE5AA551AE89A110037CBC0 /* MeterView.m */; };
/* End PBXBuildFile section */

/* Begin PBXContainerItemProxy section */
		BB6FC4281AD7584800FB57C1 /* PBXContainerItemProxy */ = {
			isa = PBXContainerItemProxy;
			containerPortal = BB6FC4061AD7584800FB57C1 /* Project object */;
			proxyType = 1;
			remoteGlobalIDString = BB6FC40D1AD7584800FB57C1;
			remoteInfo = MiniBot;
		};
/* End PBXContainerItemProxy section */

/* Begin PBXFileReference section */
		BB3EAB4D1ADD8B960073E134 /* MinibotDashboardViewController.h */ = {isa = PBXFileReference; fileEncoding = 4; lastKnownFileType = sourcecode.c.h; name = MinibotDashboardViewController.h; path = Dashboard/MinibotDashboardViewController.h; sourceTree = "<group>"; };
		BB3EAB4E1ADD8B960073E134 /* MinibotDashboardViewController.m */ = {isa = PBXFileReference; fileEncoding = 4; lastKnownFileType = sourcecode.c.objc; name = MinibotDashboardViewController.m; path = Dashboard/MinibotDashboardViewController.m; sourceTree = "<group>"; };
		BB6DC0431AF9D3300004D087 /* hud-fuchsia.png */ = {isa = PBXFileReference; lastKnownFileType = image.png; path = "hud-fuchsia.png"; sourceTree = "<group>"; };
		BB6DC0441AF9D3300004D087 /* hud-green.png */ = {isa = PBXFileReference; lastKnownFileType = image.png; path = "hud-green.png"; sourceTree = "<group>"; };
		BB6DC0471AFA64FA0004D087 /* magnetButtonSilver.png */ = {isa = PBXFileReference; lastKnownFileType = image.png; path = magnetButtonSilver.png; sourceTree = "<group>"; };
		BB6DC0481AFA64FA0004D087 /* mainButtonSilver.png */ = {isa = PBXFileReference; lastKnownFileType = image.png; path = mainButtonSilver.png; sourceTree = "<group>"; };
		BB6FC40E1AD7584800FB57C1 /* MiniBot.app */ = {isa = PBXFileReference; explicitFileType = wrapper.application; includeInIndex = 0; path = MiniBot.app; sourceTree = BUILT_PRODUCTS_DIR; };
		BB6FC4121AD7584800FB57C1 /* Info.plist */ = {isa = PBXFileReference; lastKnownFileType = text.plist.xml; path = Info.plist; sourceTree = "<group>"; };
		BB6FC4131AD7584800FB57C1 /* main.m */ = {isa = PBXFileReference; lastKnownFileType = sourcecode.c.objc; path = main.m; sourceTree = "<group>"; };
		BB6FC4151AD7584800FB57C1 /* MinibotAppDelegate.h */ = {isa = PBXFileReference; lastKnownFileType = sourcecode.c.h; path = MinibotAppDelegate.h; sourceTree = "<group>"; };
		BB6FC4161AD7584800FB57C1 /* MiniBotAppDelegate.m */ = {isa = PBXFileReference; lastKnownFileType = sourcecode.c.objc; path = MiniBotAppDelegate.m; sourceTree = "<group>"; };
		BB6FC4181AD7584800FB57C1 /* ViewController.h */ = {isa = PBXFileReference; lastKnownFileType = sourcecode.c.h; path = ViewController.h; sourceTree = "<group>"; };
		BB6FC4191AD7584800FB57C1 /* ViewController.m */ = {isa = PBXFileReference; lastKnownFileType = sourcecode.c.objc; path = ViewController.m; sourceTree = "<group>"; };
		BB6FC41C1AD7584800FB57C1 /* Base */ = {isa = PBXFileReference; lastKnownFileType = file.storyboard; name = Base; path = Base.lproj/Main.storyboard; sourceTree = "<group>"; };
		BB6FC41E1AD7584800FB57C1 /* Images.xcassets */ = {isa = PBXFileReference; lastKnownFileType = folder.assetcatalog; path = Images.xcassets; sourceTree = "<group>"; };
		BB6FC4211AD7584800FB57C1 /* Base */ = {isa = PBXFileReference; lastKnownFileType = file.xib; name = Base; path = Base.lproj/LaunchScreen.xib; sourceTree = "<group>"; };
		BB6FC4271AD7584800FB57C1 /* MiniBotTests.xctest */ = {isa = PBXFileReference; explicitFileType = wrapper.cfbundle; includeInIndex = 0; path = MiniBotTests.xctest; sourceTree = BUILT_PRODUCTS_DIR; };
		BB6FC42C1AD7584800FB57C1 /* Info.plist */ = {isa = PBXFileReference; lastKnownFileType = text.plist.xml; path = Info.plist; sourceTree = "<group>"; };
		BB6FC42D1AD7584800FB57C1 /* MiniBotTests.m */ = {isa = PBXFileReference; lastKnownFileType = sourcecode.c.objc; path = MiniBotTests.m; sourceTree = "<group>"; };
		BB6FC4371AD7593A00FB57C1 /* CoreBluetooth.framework */ = {isa = PBXFileReference; lastKnownFileType = wrapper.framework; name = CoreBluetooth.framework; path = System/Library/Frameworks/CoreBluetooth.framework; sourceTree = SDKROOT; };
		BB6FC4391AD75AE300FB57C1 /* QuartzCore.framework */ = {isa = PBXFileReference; lastKnownFileType = wrapper.framework; name = QuartzCore.framework; path = System/Library/Frameworks/QuartzCore.framework; sourceTree = SDKROOT; };
		BB6FC43B1AD75D1F00FB57C1 /* CoreGraphics.framework */ = {isa = PBXFileReference; lastKnownFileType = wrapper.framework; name = CoreGraphics.framework; path = System/Library/Frameworks/CoreGraphics.framework; sourceTree = SDKROOT; };
		BB6FC43D1AD75D3100FB57C1 /* UIKit.framework */ = {isa = PBXFileReference; lastKnownFileType = wrapper.framework; name = UIKit.framework; path = System/Library/Frameworks/UIKit.framework; sourceTree = SDKROOT; };
		BB6FC43F1AD75D4200FB57C1 /* Foundation.framework */ = {isa = PBXFileReference; lastKnownFileType = wrapper.framework; name = Foundation.framework; path = System/Library/Frameworks/Foundation.framework; sourceTree = SDKROOT; };
		BB6FC4421AD75E5100FB57C1 /* AppDelegate.h */ = {isa = PBXFileReference; fileEncoding = 4; lastKnownFileType = sourcecode.c.h; path = AppDelegate.h; sourceTree = "<group>"; };
		BB6FC4431AD75E5100FB57C1 /* AppDelegate.m */ = {isa = PBXFileReference; fileEncoding = 4; lastKnownFileType = sourcecode.c.objc; path = AppDelegate.m; sourceTree = "<group>"; };
		BB6FC4441AD75E5100FB57C1 /* CustomCellBackground.h */ = {isa = PBXFileReference; fileEncoding = 4; lastKnownFileType = sourcecode.c.h; path = CustomCellBackground.h; sourceTree = "<group>"; };
		BB6FC4451AD75E5100FB57C1 /* CustomCellBackground.m */ = {isa = PBXFileReference; fileEncoding = 4; lastKnownFileType = sourcecode.c.objc; path = CustomCellBackground.m; sourceTree = "<group>"; };
		BB6FC4461AD75E5100FB57C1 /* RFduino.h */ = {isa = PBXFileReference; fileEncoding = 4; lastKnownFileType = sourcecode.c.h; path = RFduino.h; sourceTree = "<group>"; };
		BB6FC4471AD75E5100FB57C1 /* RFduino.m */ = {isa = PBXFileReference; fileEncoding = 4; lastKnownFileType = sourcecode.c.objc; path = RFduino.m; sourceTree = "<group>"; };
		BB6FC4481AD75E5100FB57C1 /* RFduinoDelegate.h */ = {isa = PBXFileReference; fileEncoding = 4; lastKnownFileType = sourcecode.c.h; path = RFduinoDelegate.h; sourceTree = "<group>"; };
		BB6FC4491AD75E5100FB57C1 /* RfduinoManager.h */ = {isa = PBXFileReference; fileEncoding = 4; lastKnownFileType = sourcecode.c.h; path = RfduinoManager.h; sourceTree = "<group>"; };
		BB6FC44A1AD75E5100FB57C1 /* RfduinoManager.m */ = {isa = PBXFileReference; fileEncoding = 4; lastKnownFileType = sourcecode.c.objc; path = RfduinoManager.m; sourceTree = "<group>"; };
		BB6FC44B1AD75E5100FB57C1 /* RFduinoManagerDelegate.h */ = {isa = PBXFileReference; fileEncoding = 4; lastKnownFileType = sourcecode.c.h; path = RFduinoManagerDelegate.h; sourceTree = "<group>"; };
		BB6FC44C1AD75E5100FB57C1 /* ScanViewController.h */ = {isa = PBXFileReference; fileEncoding = 4; lastKnownFileType = sourcecode.c.h; path = ScanViewController.h; sourceTree = "<group>"; };
		BB6FC44D1AD75E5100FB57C1 /* ScanViewController.m */ = {isa = PBXFileReference; fileEncoding = 4; lastKnownFileType = sourcecode.c.objc; path = ScanViewController.m; sourceTree = "<group>"; };
		BBAA253C1AF1BCCD003CE98F /* hud-orange.png */ = {isa = PBXFileReference; lastKnownFileType = image.png; path = "hud-orange.png"; sourceTree = "<group>"; };
		BBAA253E1AF1C26D003CE98F /* mainButtonOrange.png */ = {isa = PBXFileReference; lastKnownFileType = image.png; path = mainButtonOrange.png; sourceTree = "<group>"; };
		BBAA25401AF1C716003CE98F /* magnetButtonOrange.png */ = {isa = PBXFileReference; lastKnownFileType = image.png; path = magnetButtonOrange.png; sourceTree = "<group>"; };
		BBAC61B31AE1B7110020742F /* RFDuinoScript.ino */ = {isa = PBXFileReference; fileEncoding = 4; lastKnownFileType = text; path = RFDuinoScript.ino; sourceTree = "<group>"; };
		BBC905051AEF0614000DFB6E /* blackPerfPlate.jpg */ = {isa = PBXFileReference; lastKnownFileType = image.jpeg; path = blackPerfPlate.jpg; sourceTree = "<group>"; };
		BBC905071AEF07B2000DFB6E /* brushedSilverPlate.jpg */ = {isa = PBXFileReference; lastKnownFileType = image.jpeg; path = brushedSilverPlate.jpg; sourceTree = "<group>"; };
		BBC905091AEF08E1000DFB6E /* black-brushed-metal.jpg */ = {isa = PBXFileReference; lastKnownFileType = image.jpeg; path = "black-brushed-metal.jpg"; sourceTree = "<group>"; };
		BBC9050B1AEF16DA000DFB6E /* silver3Dbutton.png */ = {isa = PBXFileReference; lastKnownFileType = image.png; path = silver3Dbutton.png; sourceTree = "<group>"; };
		BBC9050D1AEF16E1000DFB6E /* SilverSqButton.png */ = {isa = PBXFileReference; lastKnownFileType = image.png; path = SilverSqButton.png; sourceTree = "<group>"; };
		BBD3CDB01ADF4A2300D19C31 /* CoreMotion.framework */ = {isa = PBXFileReference; lastKnownFileType = wrapper.framework; name = CoreMotion.framework; path = System/Library/Frameworks/CoreMotion.framework; sourceTree = SDKROOT; };
		BBD3CDB31ADF53C200D19C31 /* minibotHUD1.png */ = {isa = PBXFileReference; lastKnownFileType = image.png; path = minibotHUD1.png; sourceTree = "<group>"; };
		BBE5AA541AE89A110037CBC0 /* MeterView.h */ = {isa = PBXFileReference; fileEncoding = 4; lastKnownFileType = sourcecode.c.h; path = MeterView.h; sourceTree = "<group>"; };
		BBE5AA551AE89A110037CBC0 /* MeterView.m */ = {isa = PBXFileReference; fileEncoding = 4; lastKnownFileType = sourcecode.c.objc; path = MeterView.m; sourceTree = "<group>"; };
/* End PBXFileReference section */

/* Begin PBXFrameworksBuildPhase section */
		BB6FC40B1AD7584800FB57C1 /* Frameworks */ = {
			isa = PBXFrameworksBuildPhase;
			buildActionMask = 2147483647;
			files = (
				BBD3CDB11ADF4A2300D19C31 /* CoreMotion.framework in Frameworks */,
				BB6FC4401AD75D4200FB57C1 /* Foundation.framework in Frameworks */,
				BB6FC43E1AD75D3100FB57C1 /* UIKit.framework in Frameworks */,
				BB6FC43C1AD75D1F00FB57C1 /* CoreGraphics.framework in Frameworks */,
				BB6FC43A1AD75AE300FB57C1 /* QuartzCore.framework in Frameworks */,
				BB6FC4381AD7593A00FB57C1 /* CoreBluetooth.framework in Frameworks */,
			);
			runOnlyForDeploymentPostprocessing = 0;
		};
		BB6FC4241AD7584800FB57C1 /* Frameworks */ = {
			isa = PBXFrameworksBuildPhase;
			buildActionMask = 2147483647;
			files = (
			);
			runOnlyForDeploymentPostprocessing = 0;
		};
/* End PBXFrameworksBuildPhase section */

/* Begin PBXGroup section */
		BB6FC4051AD7584800FB57C1 = {
			isa = PBXGroup;
			children = (
				BBD3CDB01ADF4A2300D19C31 /* CoreMotion.framework */,
				BB6FC43F1AD75D4200FB57C1 /* Foundation.framework */,
				BB6FC43D1AD75D3100FB57C1 /* UIKit.framework */,
				BB6FC43B1AD75D1F00FB57C1 /* CoreGraphics.framework */,
				BB6FC4391AD75AE300FB57C1 /* QuartzCore.framework */,
				BB6FC4371AD7593A00FB57C1 /* CoreBluetooth.framework */,
				BB6FC4101AD7584800FB57C1 /* MiniBot */,
				BB6FC42A1AD7584800FB57C1 /* MiniBotTests */,
				BB6FC40F1AD7584800FB57C1 /* Products */,
			);
			sourceTree = "<group>";
		};
		BB6FC40F1AD7584800FB57C1 /* Products */ = {
			isa = PBXGroup;
			children = (
				BB6FC40E1AD7584800FB57C1 /* MiniBot.app */,
				BB6FC4271AD7584800FB57C1 /* MiniBotTests.xctest */,
			);
			name = Products;
			sourceTree = "<group>";
		};
		BB6FC4101AD7584800FB57C1 /* MiniBot */ = {
			isa = PBXGroup;
			children = (
				BBE5AA531AE89A110037CBC0 /* MeterView */,
				BBAC61B21AE1B7110020742F /* RFDuinoScript */,
				BBD3CDB21ADF53C200D19C31 /* Resources */,
				BB6FC4411AD75E5100FB57C1 /* rfduino */,
				BB6FC4151AD7584800FB57C1 /* MinibotAppDelegate.h */,
				BB6FC4161AD7584800FB57C1 /* MiniBotAppDelegate.m */,
				BB6FC4181AD7584800FB57C1 /* ViewController.h */,
				BB6FC4191AD7584800FB57C1 /* ViewController.m */,
				BB6FC41B1AD7584800FB57C1 /* Main.storyboard */,
				BB6FC41E1AD7584800FB57C1 /* Images.xcassets */,
				BB6FC4201AD7584800FB57C1 /* LaunchScreen.xib */,
				BB6FC4111AD7584800FB57C1 /* Supporting Files */,
				BB3EAB4D1ADD8B960073E134 /* MinibotDashboardViewController.h */,
				BB3EAB4E1ADD8B960073E134 /* MinibotDashboardViewController.m */,
			);
			path = MiniBot;
			sourceTree = "<group>";
		};
		BB6FC4111AD7584800FB57C1 /* Supporting Files */ = {
			isa = PBXGroup;
			children = (
				BB6FC4121AD7584800FB57C1 /* Info.plist */,
				BB6FC4131AD7584800FB57C1 /* main.m */,
			);
			name = "Supporting Files";
			sourceTree = "<group>";
		};
		BB6FC42A1AD7584800FB57C1 /* MiniBotTests */ = {
			isa = PBXGroup;
			children = (
				BB6FC42D1AD7584800FB57C1 /* MiniBotTests.m */,
				BB6FC42B1AD7584800FB57C1 /* Supporting Files */,
			);
			path = MiniBotTests;
			sourceTree = "<group>";
		};
		BB6FC42B1AD7584800FB57C1 /* Supporting Files */ = {
			isa = PBXGroup;
			children = (
				BB6FC42C1AD7584800FB57C1 /* Info.plist */,
			);
			name = "Supporting Files";
			sourceTree = "<group>";
		};
		BB6FC4411AD75E5100FB57C1 /* rfduino */ = {
			isa = PBXGroup;
			children = (
				BB6FC4421AD75E5100FB57C1 /* AppDelegate.h */,
				BB6FC4431AD75E5100FB57C1 /* AppDelegate.m */,
				BB6FC4441AD75E5100FB57C1 /* CustomCellBackground.h */,
				BB6FC4451AD75E5100FB57C1 /* CustomCellBackground.m */,
				BB6FC4461AD75E5100FB57C1 /* RFduino.h */,
				BB6FC4471AD75E5100FB57C1 /* RFduino.m */,
				BB6FC4481AD75E5100FB57C1 /* RFduinoDelegate.h */,
				BB6FC4491AD75E5100FB57C1 /* RfduinoManager.h */,
				BB6FC44A1AD75E5100FB57C1 /* RfduinoManager.m */,
				BB6FC44B1AD75E5100FB57C1 /* RFduinoManagerDelegate.h */,
				BB6FC44C1AD75E5100FB57C1 /* ScanViewController.h */,
				BB6FC44D1AD75E5100FB57C1 /* ScanViewController.m */,
			);
			path = rfduino;
			sourceTree = "<group>";
		};
		BBAC61B21AE1B7110020742F /* RFDuinoScript */ = {
			isa = PBXGroup;
			children = (
				BBAC61B31AE1B7110020742F /* RFDuinoScript.ino */,
			);
			path = RFDuinoScript;
			sourceTree = SOURCE_ROOT;
		};
		BBD3CDB21ADF53C200D19C31 /* Resources */ = {
			isa = PBXGroup;
			children = (
				BB6DC0471AFA64FA0004D087 /* magnetButtonSilver.png */,
				BB6DC0481AFA64FA0004D087 /* mainButtonSilver.png */,
				BB6DC0431AF9D3300004D087 /* hud-fuchsia.png */,
				BB6DC0441AF9D3300004D087 /* hud-green.png */,
				BBAA25401AF1C716003CE98F /* magnetButtonOrange.png */,
				BBAA253E1AF1C26D003CE98F /* mainButtonOrange.png */,
				BBAA253C1AF1BCCD003CE98F /* hud-orange.png */,
				BBC9050D1AEF16E1000DFB6E /* SilverSqButton.png */,
				BBC9050B1AEF16DA000DFB6E /* silver3Dbutton.png */,
				BBC905091AEF08E1000DFB6E /* black-brushed-metal.jpg */,
				BBC905071AEF07B2000DFB6E /* brushedSilverPlate.jpg */,
				BBC905051AEF0614000DFB6E /* blackPerfPlate.jpg */,
				BBD3CDB31ADF53C200D19C31 /* minibotHUD1.png */,
			);
			path = Resources;
			sourceTree = SOURCE_ROOT;
		};
		BBE5AA531AE89A110037CBC0 /* MeterView */ = {
			isa = PBXGroup;
			children = (
				BBE5AA541AE89A110037CBC0 /* MeterView.h */,
				BBE5AA551AE89A110037CBC0 /* MeterView.m */,
			);
			path = MeterView;
			sourceTree = "<group>";
		};
/* End PBXGroup section */

/* Begin PBXNativeTarget section */
		BB6FC40D1AD7584800FB57C1 /* MiniBot */ = {
			isa = PBXNativeTarget;
			buildConfigurationList = BB6FC4311AD7584800FB57C1 /* Build configuration list for PBXNativeTarget "MiniBot" */;
			buildPhases = (
				BB6FC40A1AD7584800FB57C1 /* Sources */,
				BB6FC40B1AD7584800FB57C1 /* Frameworks */,
				BB6FC40C1AD7584800FB57C1 /* Resources */,
			);
			buildRules = (
			);
			dependencies = (
			);
			name = MiniBot;
			productName = MiniBot;
			productReference = BB6FC40E1AD7584800FB57C1 /* MiniBot.app */;
			productType = "com.apple.product-type.application";
		};
		BB6FC4261AD7584800FB57C1 /* MiniBotTests */ = {
			isa = PBXNativeTarget;
			buildConfigurationList = BB6FC4341AD7584800FB57C1 /* Build configuration list for PBXNativeTarget "MiniBotTests" */;
			buildPhases = (
				BB6FC4231AD7584800FB57C1 /* Sources */,
				BB6FC4241AD7584800FB57C1 /* Frameworks */,
				BB6FC4251AD7584800FB57C1 /* Resources */,
			);
			buildRules = (
			);
			dependencies = (
				BB6FC4291AD7584800FB57C1 /* PBXTargetDependency */,
			);
			name = MiniBotTests;
			productName = MiniBotTests;
			productReference = BB6FC4271AD7584800FB57C1 /* MiniBotTests.xctest */;
			productType = "com.apple.product-type.bundle.unit-test";
		};
/* End PBXNativeTarget section */

/* Begin PBXProject section */
		BB6FC4061AD7584800FB57C1 /* Project object */ = {
			isa = PBXProject;
			attributes = {
				LastUpgradeCheck = 0620;
				ORGANIZATIONNAME = WinterRobotik;
				TargetAttributes = {
					BB6FC40D1AD7584800FB57C1 = {
						CreatedOnToolsVersion = 6.2;
						DevelopmentTeam = SBKBKHJ464;
						SystemCapabilities = {
							com.apple.BackgroundModes = {
								enabled = 1;
							};
						};
					};
					BB6FC4261AD7584800FB57C1 = {
						CreatedOnToolsVersion = 6.2;
						TestTargetID = BB6FC40D1AD7584800FB57C1;
					};
				};
			};
			buildConfigurationList = BB6FC4091AD7584800FB57C1 /* Build configuration list for PBXProject "MiniBot" */;
			compatibilityVersion = "Xcode 3.2";
			developmentRegion = English;
			hasScannedForEncodings = 0;
			knownRegions = (
				en,
				Base,
			);
			mainGroup = BB6FC4051AD7584800FB57C1;
			productRefGroup = BB6FC40F1AD7584800FB57C1 /* Products */;
			projectDirPath = "";
			projectRoot = "";
			targets = (
				BB6FC40D1AD7584800FB57C1 /* MiniBot */,
				BB6FC4261AD7584800FB57C1 /* MiniBotTests */,
			);
		};
/* End PBXProject section */

/* Begin PBXResourcesBuildPhase section */
		BB6FC40C1AD7584800FB57C1 /* Resources */ = {
			isa = PBXResourcesBuildPhase;
			buildActionMask = 2147483647;
			files = (
				BB6FC41D1AD7584800FB57C1 /* Main.storyboard in Resources */,
				BBC9050C1AEF16DA000DFB6E /* silver3Dbutton.png in Resources */,
				BBC9050E1AEF16E1000DFB6E /* SilverSqButton.png in Resources */,
				BBC905081AEF07B2000DFB6E /* brushedSilverPlate.jpg in Resources */,
				BB6DC04A1AFA64FA0004D087 /* mainButtonSilver.png in Resources */,
				BBAA253F1AF1C26D003CE98F /* mainButtonOrange.png in Resources */,
				BBC905061AEF0614000DFB6E /* blackPerfPlate.jpg in Resources */,
				BB6DC0491AFA64FA0004D087 /* magnetButtonSilver.png in Resources */,
				BB6FC4221AD7584800FB57C1 /* LaunchScreen.xib in Resources */,
				BBD3CDB41ADF53C200D19C31 /* minibotHUD1.png in Resources */,
				BBC9050A1AEF08E1000DFB6E /* black-brushed-metal.jpg in Resources */,
				BBAA25411AF1C716003CE98F /* magnetButtonOrange.png in Resources */,
				BBAC61B41AE1B7120020742F /* RFDuinoScript.ino in Resources */,
				BB6DC0451AF9D3300004D087 /* hud-fuchsia.png in Resources */,
				BBAA253D1AF1BCCD003CE98F /* hud-orange.png in Resources */,
				BB6DC0461AF9D3300004D087 /* hud-green.png in Resources */,
				BB6FC41F1AD7584800FB57C1 /* Images.xcassets in Resources */,
			);
			runOnlyForDeploymentPostprocessing = 0;
		};
		BB6FC4251AD7584800FB57C1 /* Resources */ = {
			isa = PBXResourcesBuildPhase;
			buildActionMask = 2147483647;
			files = (
			);
			runOnlyForDeploymentPostprocessing = 0;
		};
/* End PBXResourcesBuildPhase section */

/* Begin PBXSourcesBuildPhase section */
		BB6FC40A1AD7584800FB57C1 /* Sources */ = {
			isa = PBXSourcesBuildPhase;
			buildActionMask = 2147483647;
			files = (
				BB6FC44E1AD75E5100FB57C1 /* AppDelegate.m in Sources */,
				BB6FC4511AD75E5100FB57C1 /* RfduinoManager.m in Sources */,
				BB3EAB4F1ADD8B960073E134 /* MinibotDashboardViewController.m in Sources */,
				BB6FC41A1AD7584800FB57C1 /* ViewController.m in Sources */,
				BBE5AA561AE89A110037CBC0 /* MeterView.m in Sources */,
				BB6FC4521AD75E5100FB57C1 /* ScanViewController.m in Sources */,
				BB6FC4171AD7584800FB57C1 /* MiniBotAppDelegate.m in Sources */,
				BB6FC4501AD75E5100FB57C1 /* RFduino.m in Sources */,
				BB6FC44F1AD75E5100FB57C1 /* CustomCellBackground.m in Sources */,
				BB6FC4141AD7584800FB57C1 /* main.m in Sources */,
			);
			runOnlyForDeploymentPostprocessing = 0;
		};
		BB6FC4231AD7584800FB57C1 /* Sources */ = {
			isa = PBXSourcesBuildPhase;
			buildActionMask = 2147483647;
			files = (
				BB6FC42E1AD7584800FB57C1 /* MiniBotTests.m in Sources */,
			);
			runOnlyForDeploymentPostprocessing = 0;
		};
/* End PBXSourcesBuildPhase section */

/* Begin PBXTargetDependency section */
		BB6FC4291AD7584800FB57C1 /* PBXTargetDependency */ = {
			isa = PBXTargetDependency;
			target = BB6FC40D1AD7584800FB57C1 /* MiniBot */;
			targetProxy = BB6FC4281AD7584800FB57C1 /* PBXContainerItemProxy */;
		};
/* End PBXTargetDependency section */

/* Begin PBXVariantGroup section */
		BB6FC41B1AD7584800FB57C1 /* Main.storyboard */ = {
			isa = PBXVariantGroup;
			children = (
				BB6FC41C1AD7584800FB57C1 /* Base */,
			);
			name = Main.storyboard;
			sourceTree = "<group>";
		};
		BB6FC4201AD7584800FB57C1 /* LaunchScreen.xib */ = {
			isa = PBXVariantGroup;
			children = (
				BB6FC4211AD7584800FB57C1 /* Base */,
			);
			name = LaunchScreen.xib;
			sourceTree = "<group>";
		};
/* End PBXVariantGroup section */

/* Begin XCBuildConfiguration section */
		BB6FC42F1AD7584800FB57C1 /* Debug */ = {
			isa = XCBuildConfiguration;
			buildSettings = {
				ALWAYS_SEARCH_USER_PATHS = NO;
				CLANG_CXX_LANGUAGE_STANDARD = "gnu++0x";
				CLANG_CXX_LIBRARY = "libc++";
				CLANG_ENABLE_MODULES = YES;
				CLANG_ENABLE_OBJC_ARC = YES;
				CLANG_WARN_BOOL_CONVERSION = YES;
				CLANG_WARN_CONSTANT_CONVERSION = YES;
				CLANG_WARN_DIRECT_OBJC_ISA_USAGE = YES_ERROR;
				CLANG_WARN_EMPTY_BODY = YES;
				CLANG_WARN_ENUM_CONVERSION = YES;
				CLANG_WARN_INT_CONVERSION = YES;
				CLANG_WARN_OBJC_ROOT_CLASS = YES_ERROR;
				CLANG_WARN_UNREACHABLE_CODE = YES;
				CLANG_WARN__DUPLICATE_METHOD_MATCH = YES;
				"CODE_SIGN_IDENTITY[sdk=iphoneos*]" = "iPhone Developer";
				COPY_PHASE_STRIP = NO;
				ENABLE_STRICT_OBJC_MSGSEND = YES;
				GCC_C_LANGUAGE_STANDARD = gnu99;
				GCC_DYNAMIC_NO_PIC = NO;
				GCC_OPTIMIZATION_LEVEL = 0;
				GCC_PREPROCESSOR_DEFINITIONS = (
					"DEBUG=1",
					"$(inherited)",
				);
				GCC_SYMBOLS_PRIVATE_EXTERN = NO;
				GCC_WARN_64_TO_32_BIT_CONVERSION = YES;
				GCC_WARN_ABOUT_RETURN_TYPE = YES_ERROR;
				GCC_WARN_UNDECLARED_SELECTOR = YES;
				GCC_WARN_UNINITIALIZED_AUTOS = YES_AGGRESSIVE;
				GCC_WARN_UNUSED_FUNCTION = YES;
				GCC_WARN_UNUSED_VARIABLE = YES;
				IPHONEOS_DEPLOYMENT_TARGET = 8.2;
				MTL_ENABLE_DEBUG_INFO = YES;
				ONLY_ACTIVE_ARCH = YES;
				SDKROOT = iphoneos;
				TARGETED_DEVICE_FAMILY = "1,2";
			};
			name = Debug;
		};
		BB6FC4301AD7584800FB57C1 /* Release */ = {
			isa = XCBuildConfiguration;
			buildSettings = {
				ALWAYS_SEARCH_USER_PATHS = NO;
				CLANG_CXX_LANGUAGE_STANDARD = "gnu++0x";
				CLANG_CXX_LIBRARY = "libc++";
				CLANG_ENABLE_MODULES = YES;
				CLANG_ENABLE_OBJC_ARC = YES;
				CLANG_WARN_BOOL_CONVERSION = YES;
				CLANG_WARN_CONSTANT_CONVERSION = YES;
				CLANG_WARN_DIRECT_OBJC_ISA_USAGE = YES_ERROR;
				CLANG_WARN_EMPTY_BODY = YES;
				CLANG_WARN_ENUM_CONVERSION = YES;
				CLANG_WARN_INT_CONVERSION = YES;
				CLANG_WARN_OBJC_ROOT_CLASS = YES_ERROR;
				CLANG_WARN_UNREACHABLE_CODE = YES;
				CLANG_WARN__DUPLICATE_METHOD_MATCH = YES;
				"CODE_SIGN_IDENTITY[sdk=iphoneos*]" = "iPhone Developer";
				COPY_PHASE_STRIP = NO;
				ENABLE_NS_ASSERTIONS = NO;
				ENABLE_STRICT_OBJC_MSGSEND = YES;
				GCC_C_LANGUAGE_STANDARD = gnu99;
				GCC_WARN_64_TO_32_BIT_CONVERSION = YES;
				GCC_WARN_ABOUT_RETURN_TYPE = YES_ERROR;
				GCC_WARN_UNDECLARED_SELECTOR = YES;
				GCC_WARN_UNINITIALIZED_AUTOS = YES_AGGRESSIVE;
				GCC_WARN_UNUSED_FUNCTION = YES;
				GCC_WARN_UNUSED_VARIABLE = YES;
				IPHONEOS_DEPLOYMENT_TARGET = 8.2;
				MTL_ENABLE_DEBUG_INFO = NO;
				SDKROOT = iphoneos;
				TARGETED_DEVICE_FAMILY = "1,2";
				VALIDATE_PRODUCT = YES;
			};
			name = Release;
		};
		BB6FC4321AD7584800FB57C1 /* Debug */ = {
			isa = XCBuildConfiguration;
			buildSettings = {
				ASSETCATALOG_COMPILER_APPICON_NAME = AppIcon;
				CODE_SIGN_IDENTITY = "iPhone Developer";
				INFOPLIST_FILE = MiniBot/Info.plist;
				IPHONEOS_DEPLOYMENT_TARGET = 7.1;
				LD_RUNPATH_SEARCH_PATHS = "$(inherited) @executable_path/Frameworks";
				PRODUCT_NAME = "$(TARGET_NAME)";
			};
			name = Debug;
		};
		BB6FC4331AD7584800FB57C1 /* Release */ = {
			isa = XCBuildConfiguration;
			buildSettings = {
				ASSETCATALOG_COMPILER_APPICON_NAME = AppIcon;
				CODE_SIGN_IDENTITY = "iPhone Developer";
				INFOPLIST_FILE = MiniBot/Info.plist;
				IPHONEOS_DEPLOYMENT_TARGET = 7.1;
				LD_RUNPATH_SEARCH_PATHS = "$(inherited) @executable_path/Frameworks";
				PRODUCT_NAME = "$(TARGET_NAME)";
			};
			name = Release;
		};
		BB6FC4351AD7584800FB57C1 /* Debug */ = {
			isa = XCBuildConfiguration;
			buildSettings = {
				BUNDLE_LOADER = "$(TEST_HOST)";
				FRAMEWORK_SEARCH_PATHS = (
					"$(SDKROOT)/Developer/Library/Frameworks",
					"$(inherited)",
				);
				GCC_PREPROCESSOR_DEFINITIONS = (
					"DEBUG=1",
					"$(inherited)",
				);
				INFOPLIST_FILE = MiniBotTests/Info.plist;
				LD_RUNPATH_SEARCH_PATHS = "$(inherited) @executable_path/Frameworks @loader_path/Frameworks";
				PRODUCT_NAME = "$(TARGET_NAME)";
				TEST_HOST = "$(BUILT_PRODUCTS_DIR)/MiniBot.app/MiniBot";
			};
			name = Debug;
		};
		BB6FC4361AD7584800FB57C1 /* Release */ = {
			isa = XCBuildConfiguration;
			buildSettings = {
				BUNDLE_LOADER = "$(TEST_HOST)";
				FRAMEWORK_SEARCH_PATHS = (
					"$(SDKROOT)/Developer/Library/Frameworks",
					"$(inherited)",
				);
				INFOPLIST_FILE = MiniBotTests/Info.plist;
				LD_RUNPATH_SEARCH_PATHS = "$(inherited) @executable_path/Frameworks @loader_path/Frameworks";
				PRODUCT_NAME = "$(TARGET_NAME)";
				TEST_HOST = "$(BUILT_PRODUCTS_DIR)/MiniBot.app/MiniBot";
			};
			name = Release;
		};
/* End XCBuildConfiguration section */

/* Begin XCConfigurationList section */
		BB6FC4091AD7584800FB57C1 /* Build configuration list for PBXProject "MiniBot" */ = {
			isa = XCConfigurationList;
			buildConfigurations = (
				BB6FC42F1AD7584800FB57C1 /* Debug */,
				BB6FC4301AD7584800FB57C1 /* Release */,
			);
			defaultConfigurationIsVisible = 0;
			defaultConfigurationName = Release;
		};
		BB6FC4311AD7584800FB57C1 /* Build configuration list for PBXNativeTarget "MiniBot" */ = {
			isa = XCConfigurationList;
			buildConfigurations = (
				BB6FC4321AD7584800FB57C1 /* Debug */,
				BB6FC4331AD7584800FB57C1 /* Release */,
			);
			defaultConfigurationIsVisible = 0;
			defaultConfigurationName = Release;
		};
		BB6FC4341AD7584800FB57C1 /* Build configuration list for PBXNativeTarget "MiniBotTests" */ = {
			isa = XCConfigurationList;
			buildConfigurations = (
				BB6FC4351AD7584800FB57C1 /* Debug */,
				BB6FC4361AD7584800FB57C1 /* Release */,
			);
			defaultConfigurationIsVisible = 0;
			defaultConfigurationName = Release;
		};
/* End XCConfigurationList section */
	};
	rootObject = BB6FC4061AD7584800FB57C1 /* Project object */;
}
